
Microsoft Visual Studio Solution File, Format Version 12.00
# Visual Studio Version 17
VisualStudioVersion = 17.14.36212.18 d17.14
MinimumVisualStudioVersion = 10.0.40219.1
Project("{FAE04EC0-301F-11D3-BF4B-00C04F79EFBC}") = "APIPessoas", "APIPessoas.csproj", "{E93B065A-370F-E1DB-8DCC-4D41FC017A6D}"
EndProject
Global
	GlobalSection(SolutionConfigurationPlatforms) = preSolution
		Debug|Any CPU = Debug|Any CPU
		Release|Any CPU = Release|Any CPU
	EndGlobalSection
	GlobalSection(ProjectConfigurationPlatforms) = postSolution
		{E93B065A-370F-E1DB-8DCC-4D41FC017A6D}.Debug|Any CPU.ActiveCfg = Debug|Any CPU
		{E93B065A-370F-E1DB-8DCC-4D41FC017A6D}.Debug|Any CPU.Build.0 = Debug|Any CPU
		{E93B065A-370F-E1DB-8DCC-4D41FC017A6D}.Release|Any CPU.ActiveCfg = Release|Any CPU
		{E93B065A-370F-E1DB-8DCC-4D41FC017A6D}.Release|Any CPU.Build.0 = Release|Any CPU
	EndGlobalSection
	GlobalSection(SolutionProperties) = preSolution
		HideSolutionNode = FALSE
	EndGlobalSection
	GlobalSection(ExtensibilityGlobals) = postSolution
		SolutionGuid = {4A077880-3F36-4906-B4C3-328B84A1E1B2}
	EndGlobalSection
EndGlobal
